
Microsoft Visual Studio Solution File, Format Version 12.00
# Visual Studio Version 16
VisualStudioVersion = 16.0.31702.278
MinimumVisualStudioVersion = 10.0.40219.1
Project("{FAE04EC0-301F-11D3-BF4B-00C04F79EFBC}") = "BlockChain", "BlockChain\BlockChain.csproj", "{B2B0FE6F-145B-4211-A6D4-B196A81CF54B}"
EndProject
Project("{FAE04EC0-301F-11D3-BF4B-00C04F79EFBC}") = "Business", "Business\Business.csproj", "{C3C6CE5C-80BE-4E5B-BAD8-96D732FE8B68}"
EndProject
Project("{FAE04EC0-301F-11D3-BF4B-00C04F79EFBC}") = "Entities", "Entities\Entities.csproj", "{F9197649-1BEE-4C6A-9468-651804C6B8DF}"
EndProject
Project("{FAE04EC0-301F-11D3-BF4B-00C04F79EFBC}") = "DataAccess", "Data Access\DataAccess.csproj", "{9A677BA4-C559-4335-964E-BD2B7A61C024}"
EndProject
Project("{FAE04EC0-301F-11D3-BF4B-00C04F79EFBC}") = "NodejsAPI", "NodejsAPI\NodejsAPI.csproj", "{EA7F8364-94B7-4A69-90E9-875EE80AE4C6}"
EndProject
Project("{FAE04EC0-301F-11D3-BF4B-00C04F79EFBC}") = "ForPython", "ForPython\ForPython.csproj", "{CF62B1E6-2109-4E14-BEAB-AB5840E71D1F}"
EndProject
Global
	GlobalSection(SolutionConfigurationPlatforms) = preSolution
		Debug|Any CPU = Debug|Any CPU
		Release|Any CPU = Release|Any CPU
	EndGlobalSection
	GlobalSection(ProjectConfigurationPlatforms) = postSolution
		{B2B0FE6F-145B-4211-A6D4-B196A81CF54B}.Debug|Any CPU.ActiveCfg = Debug|Any CPU
		{B2B0FE6F-145B-4211-A6D4-B196A81CF54B}.Debug|Any CPU.Build.0 = Debug|Any CPU
		{B2B0FE6F-145B-4211-A6D4-B196A81CF54B}.Release|Any CPU.ActiveCfg = Release|Any CPU
		{B2B0FE6F-145B-4211-A6D4-B196A81CF54B}.Release|Any CPU.Build.0 = Release|Any CPU
		{C3C6CE5C-80BE-4E5B-BAD8-96D732FE8B68}.Debug|Any CPU.ActiveCfg = Debug|Any CPU
		{C3C6CE5C-80BE-4E5B-BAD8-96D732FE8B68}.Debug|Any CPU.Build.0 = Debug|Any CPU
		{C3C6CE5C-80BE-4E5B-BAD8-96D732FE8B68}.Release|Any CPU.ActiveCfg = Release|Any CPU
		{C3C6CE5C-80BE-4E5B-BAD8-96D732FE8B68}.Release|Any CPU.Build.0 = Release|Any CPU
		{F9197649-1BEE-4C6A-9468-651804C6B8DF}.Debug|Any CPU.ActiveCfg = Debug|Any CPU
		{F9197649-1BEE-4C6A-9468-651804C6B8DF}.Debug|Any CPU.Build.0 = Debug|Any CPU
		{F9197649-1BEE-4C6A-9468-651804C6B8DF}.Release|Any CPU.ActiveCfg = Release|Any CPU
		{F9197649-1BEE-4C6A-9468-651804C6B8DF}.Release|Any CPU.Build.0 = Release|Any CPU
		{9A677BA4-C559-4335-964E-BD2B7A61C024}.Debug|Any CPU.ActiveCfg = Debug|Any CPU
		{9A677BA4-C559-4335-964E-BD2B7A61C024}.Debug|Any CPU.Build.0 = Debug|Any CPU
		{9A677BA4-C559-4335-964E-BD2B7A61C024}.Release|Any CPU.ActiveCfg = Release|Any CPU
		{9A677BA4-C559-4335-964E-BD2B7A61C024}.Release|Any CPU.Build.0 = Release|Any CPU
		{EA7F8364-94B7-4A69-90E9-875EE80AE4C6}.Debug|Any CPU.ActiveCfg = Debug|Any CPU
		{EA7F8364-94B7-4A69-90E9-875EE80AE4C6}.Debug|Any CPU.Build.0 = Debug|Any CPU
		{EA7F8364-94B7-4A69-90E9-875EE80AE4C6}.Release|Any CPU.ActiveCfg = Release|Any CPU
		{EA7F8364-94B7-4A69-90E9-875EE80AE4C6}.Release|Any CPU.Build.0 = Release|Any CPU
		{CF62B1E6-2109-4E14-BEAB-AB5840E71D1F}.Debug|Any CPU.ActiveCfg = Debug|Any CPU
		{CF62B1E6-2109-4E14-BEAB-AB5840E71D1F}.Debug|Any CPU.Build.0 = Debug|Any CPU
		{CF62B1E6-2109-4E14-BEAB-AB5840E71D1F}.Release|Any CPU.ActiveCfg = Release|Any CPU
		{CF62B1E6-2109-4E14-BEAB-AB5840E71D1F}.Release|Any CPU.Build.0 = Release|Any CPU
	EndGlobalSection
	GlobalSection(SolutionProperties) = preSolution
		HideSolutionNode = FALSE
	EndGlobalSection
	GlobalSection(ExtensibilityGlobals) = postSolution
		SolutionGuid = {B46AC42D-4159-4A69-BD38-3B73D9D7B19C}
	EndGlobalSection
EndGlobal
